
Microsoft Visual Studio Solution File, Format Version 12.00
# Visual Studio Version 17
VisualStudioVersion = 17.11.35312.102
MinimumVisualStudioVersion = 10.0.40219.1
Project("{FAE04EC0-301F-11D3-BF4B-00C04F79EFBC}") = "ProjetoAutomacaoCEFCs", "TestProject1\ProjetoAutomacaoCEFCs.csproj", "{35805469-C7F8-4204-BE06-94C52D15E0E7}"
EndProject
Global
	GlobalSection(SolutionConfigurationPlatforms) = preSolution
		Debug|Any CPU = Debug|Any CPU
		Release|Any CPU = Release|Any CPU
	EndGlobalSection
	GlobalSection(ProjectConfigurationPlatforms) = postSolution
		{35805469-C7F8-4204-BE06-94C52D15E0E7}.Debug|Any CPU.ActiveCfg = Debug|Any CPU
		{35805469-C7F8-4204-BE06-94C52D15E0E7}.Debug|Any CPU.Build.0 = Debug|Any CPU
		{35805469-C7F8-4204-BE06-94C52D15E0E7}.Release|Any CPU.ActiveCfg = Release|Any CPU
		{35805469-C7F8-4204-BE06-94C52D15E0E7}.Release|Any CPU.Build.0 = Release|Any CPU
	EndGlobalSection
	GlobalSection(SolutionProperties) = preSolution
		HideSolutionNode = FALSE
	EndGlobalSection
	GlobalSection(ExtensibilityGlobals) = postSolution
		SolutionGuid = {EFDF1EBD-58FC-425D-9051-C92FA59775D8}
	EndGlobalSection
EndGlobal
